lockfileVersion: '9.0'

settings:
  autoInstallPeers: true
  excludeLinksFromLockfile: false

importers:

  .:
    dependencies:
      '@riotjs/observable':
        specifier: ^4.1.1
        version: 4.1.1
      animejs:
        specifier: ^4.0.0
        version: 4.5.0
      animore:
        specifier: ^2.0.3
        version: 2.0.3
      riot:
        specifier: ^10.0.0
        version: 10.1.5
      sanitize.css:
        specifier: ^13.0.0
        version: 13.0.0
    devDependencies:
      '@riotjs/hot-reload':
        specifier: ^10.0.0
        version: 10.0.0(riot@10.1.5)
      '@riotjs/lazy':
        specifier: ^10.0.0
        version: 10.0.0(riot@10.1.5)
      rollup:
        specifier: ^4.4.1
        version: 4.62.3
      rollup-plugin-riot:
        specifier: ^9.0.2
        version: 9.0.2(@riotjs/compiler@10.0.3)(rollup@4.62.3)
      vite:
        specifier: ^8.0.0
        version: 8.2.0

packages:

  '@babel/helper-string-parser@7.29.7':
    resolution: {integrity: sha512-Pb5ijPrZ89GDH8223L4UP8i6QApWxs04RbPQJTeWDV0/keR2E36MeKnyr6LYmUUvqRRI+Iv87SuF1W6ErINzYw==}
    engines: {node: '>=6.9.0'}

  '@babel/helper-validator-identifier@7.29.7':
    resolution: {integrity: sha512-qehxGkRj55h/ff8EMaJ+cYhyaKlHIxqYDn682wQD7RNp9UujOQsHog2uS0r2vzr4pW+sXf90NeeayjcNaX3fFg==}
    engines: {node: '>=6.9.0'}

  '@babel/parser@7.29.7':
    resolution: {integrity: sha512-hnORnjP/1P/zFEndoeX+n+t1RwWRJiJpM/jO7FW32Kn9r5+sJB2JWOdYo4L6k78j15eCwY3Gm/7364B1EMwtNg==}
    engines: {node: '>=6.0.0'}
    hasBin: true

  '@babel/types@7.29.7':
    resolution: {integrity: sha512-4zBIxpPzowiZpusoFkyGVwakdRJUyuH5PxQ/PrqghfdFWWasvnCdPfQXHrenDai+gyLARulZjZowCOj6fjT4pA==}
    engines: {node: '>=6.9.0'}

  '@oxc-project/types@0.143.0':
    resolution: {integrity: sha512-u6JZdLBTLotrNC9Vd6vPssINdzcCzleKAH6EJKImQb7GtYvX5keN2dxkoK44stCc4tffE6QQRtZTXVSzsLUlWA==}

  '@riotjs/compiler@10.0.3':
    resolution: {integrity: sha512-FcCEgbjCkWwj16+rcSFTXTjhoh1jY/ZIVja+aHYFtpY76HrCjRpksT20nsKHQ8Cjb4A0atJT4qcuZFuLg9qPBw==}

  '@riotjs/dom-bindings@10.0.5':
    resolution: {integrity: sha512-REE0AWoSkHYhHN1JiW++vM1gJrewUK5SYZjhfZoaO/GIiX8IYJEDf+DECrMzC8u2cTv5g4P24SgnFUtUD5F8gg==}

  '@riotjs/hot-reload@10.0.0':
    resolution: {integrity: sha512-YIbznLj1UYB9k8imyxaKT5It8S2LGMG4oL+CGQTquK9uharpJOC96AGu6hhJhb882nnJye319p1ctaVrxGzitQ==}
    peerDependencies:
      riot: ^6.0.0 || ^7.0.0 || ^9.0.0 || ^10.0.0

  '@riotjs/lazy@10.0.0':
    resolution: {integrity: sha512-Ebcyfhl0P76oh8AyQ8t571THxocYJwKxV5dJXEkPb03HXYs9nyrdTPUjOvm7jFmEtP52rU5lxbci2dTqkdz+MQ==}
    peerDependencies:
      riot: ^6.0.0 || ^7.0.0 || ^9.0.0 || ^10.0.0

  '@riotjs/observable@4.1.1':
    resolution: {integrity: sha512-Lp9BUEoUxBlZ6DdZXne9BUfumAXAMznWIgZOcRXIPz2J7avquJKGEXl6D9ObdC0u5LUyrcI4N/AHcHgPclysdw==}

  '@riotjs/parser@10.0.0':
    resolution: {integrity: sha512-e7cZhWWvfOfOcZGviq2Z+M4YNLMWxF5lVdkDVyyLVO8AaKrnv2KwXtb1yKNH445cvO6LvMI+iVNjhrp13cCXrA==}

  '@riotjs/util@10.1.2':
    resolution: {integrity: sha512-K85suj+5YItWHB5N6LO1uMJNH6ZMBl8FxGH2xDb6dl8V3EBlLuQaPQGVzp3SOKKqeqcxJH3o5UHHIgjc2I8YrA==}

  '@rolldown/binding-android-arm64@1.2.3':
    resolution: {integrity: sha512-zrJtHDcaZJ1Fp7xf4hNl+7seH9Cn/N5TwLYkhgXREtBwAd/jaqW3uqeHxpDugJLVICWg4eW44kOQEGJ1r6jCGw==}
    engines: {node: ^20.19.0 || >=22.12.0}
    cpu: [arm64]
    os: [android]

  '@rolldown/binding-darwin-arm64@1.2.3':
    resolution: {integrity: sha512-ieIiibVCp0tX7TLu2cafoNPv8wJyYi01ekXpbf8q2j7F4rGAhhXb/eQh7ge9DRBY78GwmRQtvjZDux7EDbA8kA==}
    engines: {node: ^20.19.0 || >=22.12.0}
    cpu: [arm64]
    os: [darwin]

  '@rolldown/binding-darwin-x64@1.2.3':
    resolution: {integrity: sha512-Zh9tCon19eDXJoihx0rqKhMUlMYqzwj3aPsSuHmI4RWZh62dWUL+DJN4C5YQya5TcQBJU/Fe8+rY0jhXTQITqA==}
    engines: {node: ^20.19.0 || >=22.12.0}
    cpu: [x64]
    os: [darwin]

  '@rolldown/binding-freebsd-x64@1.2.3':
    resolution: {integrity: sha512-nGbJWewA1wrXXZiQhjAT5rhibGfns5ZNkDVqxsO6zJ3f3YvpoDNNmGMSbbhLuXKjNScaBJVOAboztAWVespQMg==}
    engines: {node: ^20.19.0 || >=22.12.0}
    cpu: [x64]
    os: [freebsd]

  '@rolldown/binding-linux-arm-gnueabihf@1.2.3':
    resolution: {integrity: sha512-QNniJr5Kml0kDEB98jiDOJjXNroxIIi0IXIbdYzY26Xt1pVbeP62+KnoIZLwirOymX/0jDk/2gI/bNUv7A7OIw==}
    engines: {node: ^20.19.0 || >=22.12.0}
    cpu: [arm]
    os: [linux]

  '@rolldown/binding-linux-arm64-gnu@1.2.3':
    resolution: {integrity: sha512-TkqEAcmmvH3I/q4114NB4RVt6241Dao48pF45uLcFGrwAaIn0iITgTAKP/dLjbN0R4buJjGb91+UHSoFmpgIWw==}
    engines: {node: ^20.19.0 || >=22.12.0}
    cpu: [arm64]
    os: [linux]
    libc: [glibc]

  '@rolldown/binding-linux-arm64-musl@1.2.3':
    resolution: {integrity: sha512-NHqjnxpsndf4MPymxteFAWHHfkTL8HjWh1KB7z23ofZ6QO2euONuxDXjat69dKZRALnGypg8k8SsK8vZJoXv1Q==}
    engines: {node: ^20.19.0 || >=22.12.0}
    cpu: [arm64]
    os: [linux]
    libc: [musl]

  '@rolldown/binding-linux-ppc64-gnu@1.2.3':
    resolution: {integrity: sha512-6tbrbwfz5GB9DQ4Jwo6hy9v+vR31xZlvzZ6n5Xut6Hhx5PvrA9q/HsK8KMaYQp063iqZGXwNvZtYNLD7EM/x0w==}
    engines: {node: ^20.19.0 || >=22.12.0}
    cpu: [ppc64]
    os: [linux]
    libc: [glibc]

  '@rolldown/binding-linux-s390x-gnu@1.2.3':
    resolution: {integrity: sha512-oyuXxXmoZHjXC917IAPFAAv4wWAa0cM9afk8nx1+9/jNNOX1uPf8yDA6p7G0RypOfw/X0PQt5IfoquY1um+zSg==}
    engines: {node: ^20.19.0 || >=22.12.0}
    cpu: [s390x]
    os: [linux]
    libc: [glibc]

  '@rolldown/binding-linux-x64-gnu@1.2.3':
    resolution: {integrity: sha512-TytMwF2KVGqP2tgd0I1OY0PAv78dZRAYcF5ssDzjM34SUXCED3uXvSd5+lHoC0bTD6eEdFz7LdQNCO1y0oVk9w==}
    engines: {node: ^20.19.0 || >=22.12.0}
    cpu: [x64]
    os: [linux]
    libc: [glibc]

  '@rolldown/binding-linux-x64-musl@1.2.3':
    resolution: {integrity: sha512-/E9m3qstrJFVPoULV25mVQblSNExY2+kBsYe4sy0Tn0yOOgJ8wZbZt3KnRbF/XeU2Gl1STKUQnDNTqhIE5MD4A==}
    engines: {node: ^20.19.0 || >=22.12.0}
    cpu: [x64]
    os: [linux]
    libc: [musl]

  '@rolldown/binding-openharmony-arm64@1.2.3':
    resolution: {integrity: sha512-Kr0OcsoQI816i6HOl3vFHpd1K0eZyh76zgfj4c1nTyaTsd5r2Mj1lwM4R90y/qaCfmTn9eHy0SKwi98eitRxug==}
    engines: {node: ^20.19.0 || >=22.12.0}
    cpu: [arm64]
    os: [openharmony]

  '@rolldown/binding-win32-arm64-msvc@1.2.3':
    resolution: {integrity: sha512-hOtMwTqnME+/gJcH/PCZ0wn0zPUjiWOgkHpxbSJpfGKMezHltx1S7/k1SitzVa7Ww2cqrDDaFbZEhcJZO8o+Jw==}
    engines: {node: ^20.19.0 || >=22.12.0}
    cpu: [arm64]
    os: [win32]

  '@rolldown/binding-win32-x64-msvc@1.2.3':
    resolution: {integrity: sha512-ekcqMMkI2PlhYnfzQnB/cEdYUVVJViWvoUyLrbzgDoi3Snfc1mVBwdnc306ufA5ejy8JSPjT2RlW1nQSjW7efg==}
    engines: {node: ^20.19.0 || >=22.12.0}
    cpu: [x64]
    os: [win32]

  '@rolldown/pluginutils@1.0.1':
    resolution: {integrity: sha512-2j9bGt5Jh8hj+vPtgzPtl72j0yRxHAyumoo6TNfAjsLB04UtpSvPbPcDcBMxz7n+9CYB0c1GxQFxYRg2jimqGw==}

  '@rollup/pluginutils@5.4.0':
    resolution: {integrity: sha512-MfPp06CjRLfXQ3wY0R8vJDYBy/MvVcc9OulEfR0B8Iv9ko+GCNaRZ+EpJYFl27LhKsZK0o420sYCRHCjfCgeUg==}
    engines: {node: '>=14.0.0'}
    peerDependencies:
      rollup: ^1.20.0||^2.0.0||^3.0.0||^4.0.0
    peerDependenciesMeta:
      rollup:
        optional: true

  '@rollup/rollup-android-arm-eabi@4.62.3':
    resolution: {integrity: sha512-c0wdcekXtQvvn5Tsrk/+op/gUArrbWaFduBnTLP2l1cKLSQs4diMWjJw3m6A0DdzT8dAAX95KpkJ3qynCePbmw==}
    cpu: [arm]
    os: [android]

  '@rollup/rollup-android-arm64@4.62.3':
    resolution: {integrity: sha512-3YjElDdWN+qXAFbJ/CzPV+0wspLqh54k/I6GfdYtEJRqg7buSgc1yPM3B+93j1M4neobtkATHZTmxK2AMVGfnA==}
    cpu: [arm64]
    os: [android]

  '@rollup/rollup-darwin-arm64@4.62.3':
    resolution: {integrity: sha512-Pch2pFNOxxz1hTjypIdPyRTR6riiwRl84+VcN9djS680fw+Co1nAJINrdpqp7KV0NvyuU8ilZXZCjd7ykJl1GQ==}
    cpu: [arm64]
    os: [darwin]

  '@rollup/rollup-darwin-x64@4.62.3':
    resolution: {integrity: sha512-LEuncFUHFiF8t4yZVZvvZA1wk0pjAscRnsrn1EfTEmN4HXotBi2YtcnLRyaK6UbuczW7xZS5ES+81Rdz8Z0T6g==}
    cpu: [x64]
    os: [darwin]

  '@rollup/rollup-freebsd-arm64@4.62.3':
    resolution: {integrity: sha512-zvBUvsQUpOWALdDsk6qbS8bXf2VxmPisuudNDrY7x0p0jBdsoZl8HsHczIOgkQiZldmcacMKtBzpoGVNeIe2bQ==}
    cpu: [arm64]
    os: [freebsd]

  '@rollup/rollup-freebsd-x64@4.62.3':
    resolution: {integrity: sha512-C2KmNrcSem/AMg984H/dev+si0lieQGdXdR/lYGJnuumXnFb9Y7QdiI62obFdLlxRYLBv4P0eUVIDbD4c1vVvw==}
    cpu: [x64]
    os: [freebsd]

  '@rollup/rollup-linux-arm-gnueabihf@4.62.3':
    resolution: {integrity: sha512-ggXnsTAEzNQx74XpunRsiZ9aBZDsI7XIa0hm2nzR9f4WzH5/f/d73ZSDaC5ejJ8YLY4NW+V3wr0tjOaeCq8hqA==}
    cpu: [arm]
    os: [linux]
    libc: [glibc]

  '@rollup/rollup-linux-arm-musleabihf@4.62.3':
    resolution: {integrity: sha512-2vng+FlzNUhKZxtej3IUqJgbZoQk2M/dwQM20+ULV0R/E/8tr9/P6uEf2iiGIk4HL0zMKh5Jry7mUHdUOvyGgA==}
    cpu: [arm]
    os: [linux]
    libc: [musl]

  '@rollup/rollup-linux-arm64-gnu@4.62.3':
    resolution: {integrity: sha512-LLLFZKt4/Nraf9rxDkhiU8QVgLF4WmCkfr0L4fj0fPfIZFBib0DeiFk1hhaYKd03LFAFJcxHslhDFlNJLylf5Q==}
    cpu: [arm64]
    os: [linux]
    libc: [glibc]

  '@rollup/rollup-linux-arm64-musl@4.62.3':
    resolution: {integrity: sha512-WJkdQCvS9sWNOUBJZfQRKpZGFBztRzcowI+nndmflKgU4XY+3a420FgTOSKTsVqJbnzSxeT4vaJalpOaPo2YCQ==}
    cpu: [arm64]
    os: [linux]
    libc: [musl]

  '@rollup/rollup-linux-loong64-gnu@4.62.3':
    resolution: {integrity: sha512-PwHXCCS2n64/1Ot6rP1YEYA02MGYBcQlr8CSZZyrUG2O7NH6NklYmvr9v3Jy+5e/eDeNchc/ukmKJi9LuflMIQ==}
    cpu: [loong64]
    os: [linux]
    libc: [glibc]

  '@rollup/rollup-linux-loong64-musl@4.62.3':
    resolution: {integrity: sha512-vUjxINQu3RC8NZS3ykk1gN65gIz8pAopOq2HXuZhiIxHdx7TFvDG+jgrdSgInu1Eza4/Rfi2VzZgyIgEH4WOaw==}
    cpu: [loong64]
    os: [linux]
    libc: [musl]

  '@rollup/rollup-linux-ppc64-gnu@4.62.3':
    resolution: {integrity: sha512-wzko4aJ13+0G3kGnviCg5gnXFKd40izKsrf2uOw12US4XqprkDrmwOpeW14aSNa37V8bfPcz5Fkob6LZ3BAPmA==}
    cpu: [ppc64]
    os: [linux]
    libc: [glibc]

  '@rollup/rollup-linux-ppc64-musl@4.62.3':
    resolution: {integrity: sha512-8120ue0JUMSwy11stlwnfdX3pPd+WZYGCDBwEHWtIHi6pOpZmsEF5QKB7a/UN+XFdqvobxz98kv8RTqikyCEBw==}
    cpu: [ppc64]
    os: [linux]
    libc: [musl]

  '@rollup/rollup-linux-riscv64-gnu@4.62.3':
    resolution: {integrity: sha512-XLFHnR3tXMjbOCh2vtVJHmxt+995uJsTERQyseFDRA0xxMxyTZPLa3OIUlyFaO4mF/Lu0FjmWHCuPXJT1n/IOg==}
    cpu: [riscv64]
    os: [linux]
    libc: [glibc]

  '@rollup/rollup-linux-riscv64-musl@4.62.3':
    resolution: {integrity: sha512-se6yXvNGMIl0f+RQzyh7XAmia8/9kplQx424wnG2w0C1oi6XgO6Y8otKhdXFHbHs88Ihavzmvh1NWjuovE76BQ==}
    cpu: [riscv64]
    os: [linux]
    libc: [musl]

  '@rollup/rollup-linux-s390x-gnu@4.62.3':
    resolution: {integrity: sha512-gNoxRefktVIiGflpONuxWWXZAzIQG++z9qHO3xKwk4WdDMuQja3JHGfE1u0i3PfPDyvhypdk+WrgIJqLhGG7sg==}
    cpu: [s390x]
    os: [linux]
    libc: [glibc]

  '@rollup/rollup-linux-x64-gnu@4.62.3':
    resolution: {integrity: sha512-V4KtWtQfAFMU7+9/A/VDps/VI8CHd3cYz0L8sgJzz8qK7eY7wI4ruFD82UYIYvW9Z4DtlTfhQcsl4XyPHW5uSg==}
    cpu: [x64]
    os: [linux]
    libc: [glibc]

  '@rollup/rollup-linux-x64-musl@4.62.3':
    resolution: {integrity: sha512-LBx9LYXvj2CBkMkjLdNAWLwH0MLMin7do2VcVo9kVPibGLkY0BQQut2fv7NVqkXqZ/CrAu9LqDHVV1xHCMpCPw==}
    cpu: [x64]
    os: [linux]
    libc: [musl]

  '@rollup/rollup-openbsd-x64@4.62.3':
    resolution: {integrity: sha512-ABVf3Q0RCu7NcyCCOZQI0pJ3GuSdfSl8EXcy88QtdceIMIoCUdfhsJChZ64L9zVM2aJHjde1Bhn5uqSRcX9ySA==}
    cpu: [x64]
    os: [openbsd]

  '@rollup/rollup-openharmony-arm64@4.62.3':
    resolution: {integrity: sha512-+2Cy/ldweGBLlPIKsQLF8U5N44a0KDdbrk1rAjHOM9M2K+kGdIVjHLmmrZIcx+9Ny3ke/1JomCsDI1ocb11+sg==}
    cpu: [arm64]
    os: [openharmony]

  '@rollup/rollup-win32-arm64-msvc@4.62.3':
    resolution: {integrity: sha512-dtZvzc8BedpSaFNy75x6uiWwAGTH+aZHDtdrqP6qk+WcLJrfti6sGje1ZJ9UxyzDLF23d/mV+PaMwuC0hL7UVA==}
    cpu: [arm64]
    os: [win32]

  '@rollup/rollup-win32-ia32-msvc@4.62.3':
    resolution: {integrity: sha512-Rj8Ra4noo+aYy7sKBggCx0407mws34kAb1ySyWuq5DAtFBQdkSwnsjCgPrhPe9cvgBKZIukpE+CVHvORCS93kQ==}
    cpu: [ia32]
    os: [win32]

  '@rollup/rollup-win32-x64-gnu@4.62.3':
    resolution: {integrity: sha512-vp7N084ew/odXn2gi/mzm9mUkQu9l6AiN6dt4IeUM2Uvm9o+cVmP+YkqbMOteLbiGgqBBlJZjIMYVCfOOIVbVQ==}
    cpu: [x64]
    os: [win32]

  '@rollup/rollup-win32-x64-msvc@4.62.3':
    resolution: {integrity: sha512-MOG/3gTOn4Fwf574RVOaY61I5o6P90legkFADiTyn1hyjNydT+cerU2rLUwPdZkKKyJ+iT+K9p7WXK4LM1Ka6g==}
    cpu: [x64]
    os: [win32]

  '@types/estree@1.0.9':
    resolution: {integrity: sha512-GhdPgy1el4/ImP05X05Uw4cw2/M93BCUmnEvWZNStlCzEKME4Fkk+YpoA5OiHNQmoS7Cafb8Xa3Pya8m1Qrzeg==}

  animejs@4.5.0:
    resolution: {integrity: sha512-NQimYX+lz8WaXonGS9zVVoviCIAjONeJayxacUditaivYLqyXgGjFKjuyl0aUUhFKm5MriX9ty1TGovNzoJQWA==}
    peerDependencies:
      '@types/three': '>=0.150.0'
      three: '>=0.150.0'
    peerDependenciesMeta:
      '@types/three':
        optional: true
      three:
        optional: true

  animore@2.0.3:
    resolution: {integrity: sha512-7lpQ8O90avYeKyQBXlfdJXU7yeBjbIcQ53Gf8hsS12in7w1UIhviSufjkEv8gcKVwAWXE/6dk3dtDBv1DtSG6g==}

  ast-types@0.16.1:
    resolution: {integrity: sha512-6t10qk83GOG8p0vKmaCr8eiilZwO171AvbROMtvvNiwrTly62t+7XkA8RdIIVbpMhCASAsxgAzdRSwh6nw/5Dg==}
    engines: {node: '>=4'}

  bianco.attr@0.0.3:
    resolution: {integrity: sha512-tKDe2RqAnMrADHNRSCSsR6TuxCCtYu7YbfHmMNJgmI562KAitrXheNbfcYgCA8u6XpPkPRb+R0ILVNT9I5uhYw==}

  bianco.dom-to-array@0.0.8:
    resolution: {integrity: sha512-ZSDUExM8cJqAnJgatW8UBQDiAlQF+eqDFJTwr6H89KP6KZWVvNGOUhg0rqAktfd9C7YtcE4vVAK/mIuQd4WW7Q==}

  bianco.dom-to-array@1.1.0:
    resolution: {integrity: sha512-IWUgplQRhJSZh+7PgD/my5+X27PXNUFdcHPosOYz39a/iFF8Wl9d0N/mOArdR7Zgr3J0Q9pKVk7nO6W+7XZwBg==}

  bianco.events@0.0.6:
    resolution: {integrity: sha512-8ZVzHJsWlp9Y+IlIzE6PchmBoqhlzEkP6JZxmGsOQzfRFOvNg7gQpl6c5EgMBPMBJ1+8zqvyGeFE8gBuQv0egg==}

  bianco.query@0.0.7:
    resolution: {integrity: sha512-1XZxI/cnCqS7/7yckBxpye8aZBlu+9wNDLbMpPQJ800WrqiFqxt53aiZUFSIEZXnGeLWPAnjYwAKBIka5ExDVw==}

  bianco.query@1.1.4:
    resolution: {integrity: sha512-jUu8l484ckacCBmxN0gYLZ4Ge5aMfReL+aYNiC81s37s8+l0+rn9pnQayEgQtMHGlnL8ejd+x5U2PKpo0rvQzw==}

  css-simple-parser@3.0.2:
    resolution: {integrity: sha512-8PzVfpTZVdRN5X7/4yIdcfM+u7b8C4OF+bchwX7eH0JlPEgpVH8axAr9ByNYMmm20xNIi0Z8llg/JtvhFql/ig==}

  cssesc@3.0.0:
    resolution: {integrity: sha512-/Tb/JcjK111nNScGob5MNtsntNM1aCNUDipB/TkwZFhyDrrE47SOx/18wF2bbjgc3ZzCSKW1T5nt5EbFoAz/Vg==}
    engines: {node: '>=4'}
    hasBin: true

  cumpa@2.0.1:
    resolution: {integrity: sha512-8oBF1cSWkgYq0ZsLP9iiLLZDicIh1eYM8WLicRhaSLMrdtjEf9A3DgMYMxB/i/xgVUZGxPVD/hrwVzx/pjdmmw==}

  curri@2.0.3:
    resolution: {integrity: sha512-pdDH7g0LnogX/ZLO+Oa+GuTc4dgcK3aQm+tVMXum92SPZCU4LlKQ3IC8pZiE9hdtnucXGy1G+hfoZkneCDqZEw==}

  detect-libc@2.1.2:
    resolution: {integrity: sha512-Btj2BOOO83o3WyH59e8MgXsxEQVcarkUOpEYrubB0urwnN10yQ364rsiByU11nZlqWYZm05i/of7io4mzihBtQ==}
    engines: {node: '>=8'}

  dom-nodes@1.1.3:
    resolution: {integrity: sha512-y5wnIx97oe0IqMllL/lizgkK2c9vu1cQeqPCCsS7mwNdPuYxg3b04eDJynHhC63kM8+ZsteOmiPElfVGOUmmKg==}

  esprima@4.0.1:
    resolution: {integrity: sha512-eGuFFw7Upda+g4p+QHvnW0RyTX/SVeJBDM/gCtMARO0cLuT2HcEKnTPvhjV6aGeqrCB/sbNop0Kszm0jsaWU4A==}
    engines: {node: '>=4'}
    hasBin: true

  estree-walker@2.0.2:
    resolution: {integrity: sha512-Rfkk/Mp/DL7JVje3u18FxFujQlTNR2q6QfMSMB7AvCBx91NGj/ba3kCfza0f6dVDbw7YlRf/nDrn7pQrCCyQ/w==}

  fdir@6.5.0:
    resolution: {integrity: sha512-tIbYtZbucOs0BRGqPJkshJUYdL+SDH7dVM8gjy+ERp3WAUjLEFJE+02kanyHtwjWOnwrKYBiwAmM0p4kLJAnXg==}
    engines: {node: '>=12.0.0'}
    peerDependencies:
      picomatch: ^3 || ^4
    peerDependenciesMeta:
      picomatch:
        optional: true

  fsevents@2.3.3:
    resolution: {integrity: sha512-5xoDfX+fL7faATnagmWPpbFtwh/R77WmMMqqHGS65C3vvB0YHrgF+B1YmZ3441tMj5n63k0212XNoJwzlhffQw==}
    engines: {node: ^8.16.0 || ^10.6.0 || >=11.0.0}
    os: [darwin]

  globals@17.8.0:
    resolution: {integrity: sha512-Zz/LMDZScFmkakeL2cTHzf+PbWKdpU3uclqkZT7TjDG58j5WPt0PpA+n9uPI24fZtlw07q0OtEi84K+umsRzqQ==}
    engines: {node: '>=18'}

  lightningcss-android-arm64@1.33.0:
    resolution: {integrity: sha512-gEpRTalKdosp4Bb8qWtc2iOgE5SeIHlpS1up9bFq2wAyYhl1UdTObYiHe98zEM9SQvSoqQZ1IQD0JNpg3Ml5pg==}
    engines: {node: '>= 12.0.0'}
    cpu: [arm64]
    os: [android]

  lightningcss-darwin-arm64@1.33.0:
    resolution: {integrity: sha512-Sciaz8eenNTKn9b3t7+xr0ipTp9YxKQY4npwQ3mrRuL0BAVHBLyZxofhaKBAVtzmtRZ/zTyo0/to4B1uWG/Djg==}
    engines: {node: '>= 12.0.0'}
    cpu: [arm64]
    os: [darwin]

  lightningcss-darwin-x64@1.33.0:
    resolution: {integrity: sha512-Z5UPAxzrjlWNNyGy6i65cJzzvgJ5D3T6wMvs+gWpY9d7qRhANrxqAp6LhxIgZhWEw18RfJTGcRxjuLIBr+m8XQ==}
    engines: {node: '>= 12.0.0'}
    cpu: [x64]
    os: [darwin]

  lightningcss-freebsd-x64@1.33.0:
    resolution: {integrity: sha512-QQM/Ti/hQajJwCY+RiWuCZ9sdtI/XQk7nDK5vC8kkdwixezOlDgvDx7+RT+QjK6FcFT4MpsuoBnHIo/O3StRRg==}
    engines: {node: '>= 12.0.0'}
    cpu: [x64]
    os: [freebsd]

  lightningcss-linux-arm-gnueabihf@1.33.0:
    resolution: {integrity: sha512-N7FVBe6iS24MlM6R/4RBTxGhQheZGs7tiQ9U32UtF75NzP5Q7xWPRqLBCKxlRQRk3rY1jCIPLzx7WzOhuUIRLQ==}
    engines: {node: '>= 12.0.0'}
    cpu: [arm]
    os: [linux]

  lightningcss-linux-arm64-gnu@1.33.0:
    resolution: {integrity: sha512-j2v/itmy4HlNxlc6voKXYgBqNi0Ng2LShg4z7GufpEgs05P+2suBVyi9I6YHq5uoVFx9ETin3eCEhLVyXGQnKg==}
    engines: {node: '>= 12.0.0'}
    cpu: [arm64]
    os: [linux]
    libc: [glibc]

  lightningcss-linux-arm64-musl@1.33.0:
    resolution: {integrity: sha512-yiO5ROMuYQgXbC60yjZU5CYSFZGKXL0HFATXt9mHJn1+zW55oCtMI9NfcVhYLMFDL7gV7oBPon/EmMMGg2OvtQ==}
    engines: {node: '>= 12.0.0'}
    cpu: [arm64]
    os: [linux]
    libc: [musl]

  lightningcss-linux-x64-gnu@1.33.0:
    resolution: {integrity: sha512-ar+Ju7LmcN0Jo4FpL4hpFybwNG9/3A/Br5KW2n2jyODg3MEZXaDYADdemoNS+BDNfMgKvylJLj4S5tyRActuAg==}
    engines: {node: '>= 12.0.0'}
    cpu: [x64]
    os: [linux]
    libc: [glibc]

  lightningcss-linux-x64-musl@1.33.0:
    resolution: {integrity: sha512-RYiYbkokw0trfKqqzfF55lginwEPrD3OJDfTuJzFs1MK6iFnDenaz1fqLLtX4ITG3OktJQXOeTaw1awrBAlZPw==}
    engines: {node: '>= 12.0.0'}
    cpu: [x64]
    os: [linux]
    libc: [musl]

  lightningcss-win32-arm64-msvc@1.33.0:
    resolution: {integrity: sha512-1K+MPfLSFVpphzpdbfkhlWk6wBrTObBzS2T6db10PNOZgR9GoVsAWzwNyuhUYYbTp23j+4RrncfujZ4uAzXvwA==}
    engines: {node: '>= 12.0.0'}
    cpu: [arm64]
    os: [win32]

  lightningcss-win32-x64-msvc@1.33.0:
    resolution: {integrity: sha512-OlEICDx/Xl0FqSp4bry8zFnCvGpig3Gl4gCquvYwHuqJKEC1+n9NgDniFvqHGmMv1ZkqDJrDqKKSykTDX+ehuA==}
    engines: {node: '>= 12.0.0'}
    cpu: [x64]
    os: [win32]

  lightningcss@1.33.0:
    resolution: {integrity: sha512-WkUDrojuJs0xkgGf2udWxa3yGBRxPtxUkB79i6aCZLRgc7PM8fZe9TosfPDcvEpQZbuFASnHYmRLBLUbmLOIIA==}
    engines: {node: '>= 12.0.0'}

  nanoid@3.3.16:
    resolution: {integrity: sha512-bzlKTyNJ7+LdGIIwy8ijFpIqEQIvafahV7eYykJ8Cvh42EdJeODoJ6gUJXpQJvej1BddH8OqTXZNE/KfbWAu8Q==}
    engines: {node: ^10 || ^12 || ^13.7 || ^14 || >=15.0.1}
    hasBin: true

  picocolors@1.1.1:
    resolution: {integrity: sha512-xceH2snhtb5M9liqDsmEw56le376mTZkEX/jEb/RxNFyegNul7eNslCXP9FDj/Lcu0X8KEyMceP2ntpaHrDEVA==}

  picomatch@4.0.5:
    resolution: {integrity: sha512-RvwwcruNjI1ncT5xRakeyS9Lf8lcItv34KD+aif+VH9kduAyfYBipGh12274xtenIPZ119/R9BdTBa8gAwSh0A==}
    engines: {node: '>=12'}

  postcss@8.5.25:
    resolution: {integrity: sha512-DTPx3RWSSnWyzLxQnlH0rJP+EW5ekl16ZU4/psbIhA0e53kJfdgaN5vKM+xP7yJtXVu+nfdVFmlgFDEKAe4Pyw==}
    engines: {node: ^10 || ^12 || >=14}

  recast@0.23.12:
    resolution: {integrity: sha512-dEWRjcINDu/F4l2dYx57ugBtD7HV9KXESyxhzw/MqWLeglJrsjJKqACPyUPg+6AF8mIgm+Zi0dZ3ACoIg+QtpA==}
    engines: {node: '>= 4'}

  riot@10.1.5:
    resolution: {integrity: sha512-8kDK4bzs6Rq+t8OErjGccQr9UBEx61sq+oiEyoRPqMueE2ySQrUYZtCKwqEjOOdX3u3PrLP4Wgr9N6A9f+zTSg==}
    engines: {node: '>=18.0.0'}

  rolldown@1.2.3:
    resolution: {integrity: sha512-rn9wpmxplLf7NLNyCk9FyWh3FM43DbY8jOzCdEPzH7uflhTftRbCEpqi6Ly2osgoU8OwObtmavMbWLaWy4LX7A==}
    engines: {node: ^20.19.0 || >=22.12.0}
    hasBin: true

  rollup-plugin-riot@9.0.2:
    resolution: {integrity: sha512-ubVF5PAUwuiXTcWqcviREwkAOLKGzRQiWQg2ud3JiChLi1L66nSSO/nVUcKuAbK8s0Roj2e6mQ9UdDP2FjgPWA==}
    peerDependencies:
      '@riotjs/compiler': '>=7.0.0'
      rollup: '>=2.53.1'

  rollup@4.62.3:
    resolution: {integrity: sha512-Gu0c0iH9FzgX1L1t7ByIbbS3Vmdz+6KHm/EsqmmC71gUQ82yvZRkTK6XzrFObSka91WUVdynqp6nsfilzr5k6Q==}
    engines: {node: '>=18.0.0', npm: '>=8.0.0'}
    hasBin: true

  sanitize.css@13.0.0:
    resolution: {integrity: sha512-ZRwKbh/eQ6w9vmTjkuG0Ioi3HBwPFce0O+v//ve+aOq1oeCy7jMV2qzzAlpsNuqpqCBjjriM1lbtZbF/Q8jVyA==}

  source-map-js@1.2.1:
    resolution: {integrity: sha512-UXWMKhLOwVKb728IUtQPXxfYU+usdybtUrK/8uGE8CQMvrhOpwvzDBwj0QhSL7MQc7vIsISBG8VQ8+IDQxpfQA==}
    engines: {node: '>=0.10.0'}

  source-map@0.6.1:
    resolution: {integrity: sha512-UjgapumWlbMhkBgzT7Ykc5YXUT46F0iKu8SGXq0bcwP5dz/h0Plj6enJqjz1Zbq2l5WaqYnrVbwWOWMyF3F47g==}
    engines: {node: '>=0.10.0'}

  source-map@0.7.6:
    resolution: {integrity: sha512-i5uvt8C3ikiWeNZSVZNWcfZPItFQOsYTUAOkcUPGd8DqDy1uOUikjt5dG+uRlwyvR108Fb9DOd4GvXfT0N2/uQ==}
    engines: {node: '>= 12'}

  string-indexes@2.0.1:
    resolution: {integrity: sha512-3zrpkaEqIXsNxjsETX01z67BQ8dsAMbHI8xtzvZmscjAu72ZARjZXoTXhJ0I4cBw07Sa6Om6Nx8hKKXYHMpDOQ==}

  tiny-invariant@1.3.3:
    resolution: {integrity: sha512-+FbBPE1o9QAYvviau/qC5SE3caw21q3xkvWKBtja5vgqOWIHHJ3ioaq1VPfn/Szqctz2bU/oYeKd9/z5BL+PVg==}

  tinyglobby@0.2.17:
    resolution: {integrity: sha512-wXR/dYpcqKmfWpEdZjiKJOwCNFndD0DMnrW/cYjVGttEkBfVgcLFHoNrlj47mjOVic9yyNu65alsgF4NQyTa2g==}
    engines: {node: '>=12.0.0'}

  tslib@2.8.1:
    resolution: {integrity: sha512-oJFu94HQb+KVduSUQL7wnpmqnfmLsOA/nAh6b6EH0wCEoK0/mPeXU6c3wKDV83MkOuHPRHtSXKKU99IBazS/2w==}

  vite@8.2.0:
    resolution: {integrity: sha512-pn+CFpM0lwDeKwmOq1ZaBK/9sjorZcgqxki6MbY/jPEVd9vichIlmlD4HmQ5wdP5EgqQCFRaACBxMC7uEGc6lQ==}
    engines: {node: ^20.19.0 || >=22.12.0}
    hasBin: true
    peerDependencies:
      '@types/node': ^20.19.0 || >=22.12.0
      '@vitejs/devtools': ^0.4.0
      esbuild: ^0.27.0 || ^0.28.0
      jiti: '>=1.21.0'
      less: ^4.0.0
      sass: ^1.70.0
      sass-embedded: ^1.70.0
      stylus: '>=0.54.8'
      sugarss: ^5.0.0
      terser: ^5.16.0
      tsx: ^4.8.1
      yaml: ^2.4.2
    peerDependenciesMeta:
      '@types/node':
        optional: true
      '@vitejs/devtools':
        optional: true
      esbuild:
        optional: true
      jiti:
        optional: true
      less:
        optional: true
      sass:
        optional: true
      sass-embedded:
        optional: true
      stylus:
        optional: true
      sugarss:
        optional: true
      terser:
        optional: true
      tsx:
        optional: true
      yaml:
        optional: true

snapshots:

  '@babel/helper-string-parser@7.29.7': {}

  '@babel/helper-validator-identifier@7.29.7': {}

  '@babel/parser@7.29.7':
    dependencies:
      '@babel/types': 7.29.7

  '@babel/types@7.29.7':
    dependencies:
      '@babel/helper-string-parser': 7.29.7
      '@babel/helper-validator-identifier': 7.29.7

  '@oxc-project/types@0.143.0': {}

  '@riotjs/compiler@10.0.3':
    dependencies:
      '@babel/parser': 7.29.7
      '@riotjs/parser': 10.0.0
      '@riotjs/util': 10.1.2
      css-simple-parser: 3.0.2
      cssesc: 3.0.0
      cumpa: 2.0.1
      curri: 2.0.3
      dom-nodes: 1.1.3
      globals: 17.8.0
      recast: 0.23.12
      source-map: 0.7.6

  '@riotjs/dom-bindings@10.0.5':
    dependencies:
      '@riotjs/util': 10.1.2

  '@riotjs/hot-reload@10.0.0(riot@10.1.5)':
    dependencies:
      bianco.query: 1.1.4
      riot: 10.1.5

  '@riotjs/lazy@10.0.0(riot@10.1.5)':
    dependencies:
      '@riotjs/util': 10.1.2
      riot: 10.1.5

  '@riotjs/observable@4.1.1': {}

  '@riotjs/parser@10.0.0':
    dependencies:
      curri: 2.0.3
      dom-nodes: 1.1.3

  '@riotjs/util@10.1.2': {}

  '@rolldown/binding-android-arm64@1.2.3':
    optional: true

  '@rolldown/binding-darwin-arm64@1.2.3':
    optional: true

  '@rolldown/binding-darwin-x64@1.2.3':
    optional: true

  '@rolldown/binding-freebsd-x64@1.2.3':
    optional: true

  '@rolldown/binding-linux-arm-gnueabihf@1.2.3':
    optional: true

  '@rolldown/binding-linux-arm64-gnu@1.2.3':
    optional: true

  '@rolldown/binding-linux-arm64-musl@1.2.3':
    optional: true

  '@rolldown/binding-linux-ppc64-gnu@1.2.3':
    optional: true

  '@rolldown/binding-linux-s390x-gnu@1.2.3':
    optional: true

  '@rolldown/binding-linux-x64-gnu@1.2.3':
    optional: true

  '@rolldown/binding-linux-x64-musl@1.2.3':
    optional: true

  '@rolldown/binding-openharmony-arm64@1.2.3':
    optional: true

  '@rolldown/binding-win32-arm64-msvc@1.2.3':
    optional: true

  '@rolldown/binding-win32-x64-msvc@1.2.3':
    optional: true

  '@rolldown/pluginutils@1.0.1': {}

  '@rollup/pluginutils@5.4.0(rollup@4.62.3)':
    dependencies:
      '@types/estree': 1.0.9
      estree-walker: 2.0.2
      picomatch: 4.0.5
    optionalDependencies:
      rollup: 4.62.3

  '@rollup/rollup-android-arm-eabi@4.62.3':
    optional: true

  '@rollup/rollup-android-arm64@4.62.3':
    optional: true

  '@rollup/rollup-darwin-arm64@4.62.3':
    optional: true

  '@rollup/rollup-darwin-x64@4.62.3':
    optional: true

  '@rollup/rollup-freebsd-arm64@4.62.3':
    optional: true

  '@rollup/rollup-freebsd-x64@4.62.3':
    optional: true

  '@rollup/rollup-linux-arm-gnueabihf@4.62.3':
    optional: true

  '@rollup/rollup-linux-arm-musleabihf@4.62.3':
    optional: true

  '@rollup/rollup-linux-arm64-gnu@4.62.3':
    optional: true

  '@rollup/rollup-linux-arm64-musl@4.62.3':
    optional: true

  '@rollup/rollup-linux-loong64-gnu@4.62.3':
    optional: true

  '@rollup/rollup-linux-loong64-musl@4.62.3':
    optional: true

  '@rollup/rollup-linux-ppc64-gnu@4.62.3':
    optional: true

  '@rollup/rollup-linux-ppc64-musl@4.62.3':
    optional: true

  '@rollup/rollup-linux-riscv64-gnu@4.62.3':
    optional: true

  '@rollup/rollup-linux-riscv64-musl@4.62.3':
    optional: true

  '@rollup/rollup-linux-s390x-gnu@4.62.3':
    optional: true

  '@rollup/rollup-linux-x64-gnu@4.62.3':
    optional: true

  '@rollup/rollup-linux-x64-musl@4.62.3':
    optional: true

  '@rollup/rollup-openbsd-x64@4.62.3':
    optional: true

  '@rollup/rollup-openharmony-arm64@4.62.3':
    optional: true

  '@rollup/rollup-win32-arm64-msvc@4.62.3':
    optional: true

  '@rollup/rollup-win32-ia32-msvc@4.62.3':
    optional: true

  '@rollup/rollup-win32-x64-gnu@4.62.3':
    optional: true

  '@rollup/rollup-win32-x64-msvc@4.62.3':
    optional: true

  '@types/estree@1.0.9': {}

  animejs@4.5.0: {}

  animore@2.0.3:
    dependencies:
      bianco.attr: 0.0.3
      bianco.events: 0.0.6
      bianco.query: 0.0.7

  ast-types@0.16.1:
    dependencies:
      tslib: 2.8.1

  bianco.attr@0.0.3:
    dependencies:
      bianco.dom-to-array: 0.0.8

  bianco.dom-to-array@0.0.8: {}

  bianco.dom-to-array@1.1.0: {}

  bianco.events@0.0.6:
    dependencies:
      bianco.dom-to-array: 0.0.8

  bianco.query@0.0.7:
    dependencies:
      bianco.dom-to-array: 0.0.8

  bianco.query@1.1.4:
    dependencies:
      bianco.dom-to-array: 1.1.0

  css-simple-parser@3.0.2:
    dependencies:
      string-indexes: 2.0.1

  cssesc@3.0.0: {}

  cumpa@2.0.1: {}

  curri@2.0.3: {}

  detect-libc@2.1.2: {}

  dom-nodes@1.1.3: {}

  esprima@4.0.1: {}

  estree-walker@2.0.2: {}

  fdir@6.5.0(picomatch@4.0.5):
    optionalDependencies:
      picomatch: 4.0.5

  fsevents@2.3.3:
    optional: true

  globals@17.8.0: {}

  lightningcss-android-arm64@1.33.0:
    optional: true

  lightningcss-darwin-arm64@1.33.0:
    optional: true

  lightningcss-darwin-x64@1.33.0:
    optional: true

  lightningcss-freebsd-x64@1.33.0:
    optional: true

  lightningcss-linux-arm-gnueabihf@1.33.0:
    optional: true

  lightningcss-linux-arm64-gnu@1.33.0:
    optional: true

  lightningcss-linux-arm64-musl@1.33.0:
    optional: true

  lightningcss-linux-x64-gnu@1.33.0:
    optional: true

  lightningcss-linux-x64-musl@1.33.0:
    optional: true

  lightningcss-win32-arm64-msvc@1.33.0:
    optional: true

  lightningcss-win32-x64-msvc@1.33.0:
    optional: true

  lightningcss@1.33.0:
    dependencies:
      detect-libc: 2.1.2
    optionalDependencies:
      lightningcss-android-arm64: 1.33.0
      lightningcss-darwin-arm64: 1.33.0
      lightningcss-darwin-x64: 1.33.0
      lightningcss-freebsd-x64: 1.33.0
      lightningcss-linux-arm-gnueabihf: 1.33.0
      lightningcss-linux-arm64-gnu: 1.33.0
      lightningcss-linux-arm64-musl: 1.33.0
      lightningcss-linux-x64-gnu: 1.33.0
      lightningcss-linux-x64-musl: 1.33.0
      lightningcss-win32-arm64-msvc: 1.33.0
      lightningcss-win32-x64-msvc: 1.33.0

  nanoid@3.3.16: {}

  picocolors@1.1.1: {}

  picomatch@4.0.5: {}

  postcss@8.5.25:
    dependencies:
      nanoid: 3.3.16
      picocolors: 1.1.1
      source-map-js: 1.2.1

  recast@0.23.12:
    dependencies:
      ast-types: 0.16.1
      esprima: 4.0.1
      source-map: 0.6.1
      tiny-invariant: 1.3.3
      tslib: 2.8.1

  riot@10.1.5:
    dependencies:
      '@riotjs/dom-bindings': 10.0.5

  rolldown@1.2.3:
    dependencies:
      '@oxc-project/types': 0.143.0
      '@rolldown/pluginutils': 1.0.1
    optionalDependencies:
      '@rolldown/binding-android-arm64': 1.2.3
      '@rolldown/binding-darwin-arm64': 1.2.3
      '@rolldown/binding-darwin-x64': 1.2.3
      '@rolldown/binding-freebsd-x64': 1.2.3
      '@rolldown/binding-linux-arm-gnueabihf': 1.2.3
      '@rolldown/binding-linux-arm64-gnu': 1.2.3
      '@rolldown/binding-linux-arm64-musl': 1.2.3
      '@rolldown/binding-linux-ppc64-gnu': 1.2.3
      '@rolldown/binding-linux-s390x-gnu': 1.2.3
      '@rolldown/binding-linux-x64-gnu': 1.2.3
      '@rolldown/binding-linux-x64-musl': 1.2.3
      '@rolldown/binding-openharmony-arm64': 1.2.3
      '@rolldown/binding-win32-arm64-msvc': 1.2.3
      '@rolldown/binding-win32-x64-msvc': 1.2.3

  rollup-plugin-riot@9.0.2(@riotjs/compiler@10.0.3)(rollup@4.62.3):
    dependencies:
      '@riotjs/compiler': 10.0.3
      '@rollup/pluginutils': 5.4.0(rollup@4.62.3)
      rollup: 4.62.3

  rollup@4.62.3:
    dependencies:
      '@types/estree': 1.0.9
    optionalDependencies:
      '@rollup/rollup-android-arm-eabi': 4.62.3
      '@rollup/rollup-android-arm64': 4.62.3
      '@rollup/rollup-darwin-arm64': 4.62.3
      '@rollup/rollup-darwin-x64': 4.62.3
      '@rollup/rollup-freebsd-arm64': 4.62.3
      '@rollup/rollup-freebsd-x64': 4.62.3
      '@rollup/rollup-linux-arm-gnueabihf': 4.62.3
      '@rollup/rollup-linux-arm-musleabihf': 4.62.3
      '@rollup/rollup-linux-arm64-gnu': 4.62.3
      '@rollup/rollup-linux-arm64-musl': 4.62.3
      '@rollup/rollup-linux-loong64-gnu': 4.62.3
      '@rollup/rollup-linux-loong64-musl': 4.62.3
      '@rollup/rollup-linux-ppc64-gnu': 4.62.3
      '@rollup/rollup-linux-ppc64-musl': 4.62.3
      '@rollup/rollup-linux-riscv64-gnu': 4.62.3
      '@rollup/rollup-linux-riscv64-musl': 4.62.3
      '@rollup/rollup-linux-s390x-gnu': 4.62.3
      '@rollup/rollup-linux-x64-gnu': 4.62.3
      '@rollup/rollup-linux-x64-musl': 4.62.3
      '@rollup/rollup-openbsd-x64': 4.62.3
      '@rollup/rollup-openharmony-arm64': 4.62.3
      '@rollup/rollup-win32-arm64-msvc': 4.62.3
      '@rollup/rollup-win32-ia32-msvc': 4.62.3
      '@rollup/rollup-win32-x64-gnu': 4.62.3
      '@rollup/rollup-win32-x64-msvc': 4.62.3
      fsevents: 2.3.3

  sanitize.css@13.0.0: {}

  source-map-js@1.2.1: {}

  source-map@0.6.1: {}

  source-map@0.7.6: {}

  string-indexes@2.0.1: {}

  tiny-invariant@1.3.3: {}

  tinyglobby@0.2.17:
    dependencies:
      fdir: 6.5.0(picomatch@4.0.5)
      picomatch: 4.0.5

  tslib@2.8.1: {}

  vite@8.2.0:
    dependencies:
      lightningcss: 1.33.0
      picomatch: 4.0.5
      postcss: 8.5.25
      rolldown: 1.2.3
      tinyglobby: 0.2.17
    optionalDependencies:
      fsevents: 2.3.3
