lockfileVersion: '9.0'

settings:
  autoInstallPeers: true
  excludeLinksFromLockfile: false

importers:

  .:
    dependencies:
      '@riotjs/observable':
        specifier: ^4.1.1
        version: 4.1.1
      animejs:
        specifier: ^4.0.0
        version: 4.5.0
      animore:
        specifier: ^2.0.3
        version: 2.0.3
      riot:
        specifier: ^10.0.0
        version: 10.1.5
      sanitize.css:
        specifier: ^13.0.0
        version: 13.0.0
    devDependencies:
      '@riotjs/hot-reload':
        specifier: ^10.0.0
        version: 10.0.0(riot@10.1.5)
      '@riotjs/lazy':
        specifier: ^10.0.0
        version: 10.0.0(riot@10.1.5)
      rollup:
        specifier: ^4.4.1
        version: 4.62.3
      rollup-plugin-riot:
        specifier: ^10.0.0
        version: 10.0.0(rollup@4.62.3)
      vite:
        specifier: ^5.0.0
        version: 5.4.21

packages:

  '@esbuild/aix-ppc64@0.21.5':
    resolution: {integrity: sha512-1SDgH6ZSPTlggy1yI6+Dbkiz8xzpHJEVAlF/AM1tHPLsf5STom9rwtjE4hKAF20FfXXNTFqEYXyJNWh1GiZedQ==}
    engines: {node: '>=12'}
    cpu: [ppc64]
    os: [aix]

  '@esbuild/android-arm64@0.21.5':
    resolution: {integrity: sha512-c0uX9VAUBQ7dTDCjq+wdyGLowMdtR/GoC2U5IYk/7D1H1JYC0qseD7+11iMP2mRLN9RcCMRcjC4YMclCzGwS/A==}
    engines: {node: '>=12'}
    cpu: [arm64]
    os: [android]

  '@esbuild/android-arm@0.21.5':
    resolution: {integrity: sha512-vCPvzSjpPHEi1siZdlvAlsPxXl7WbOVUBBAowWug4rJHb68Ox8KualB+1ocNvT5fjv6wpkX6o/iEpbDrf68zcg==}
    engines: {node: '>=12'}
    cpu: [arm]
    os: [android]

  '@esbuild/android-x64@0.21.5':
    resolution: {integrity: sha512-D7aPRUUNHRBwHxzxRvp856rjUHRFW1SdQATKXH2hqA0kAZb1hKmi02OpYRacl0TxIGz/ZmXWlbZgjwWYaCakTA==}
    engines: {node: '>=12'}
    cpu: [x64]
    os: [android]

  '@esbuild/darwin-arm64@0.21.5':
    resolution: {integrity: sha512-DwqXqZyuk5AiWWf3UfLiRDJ5EDd49zg6O9wclZ7kUMv2WRFr4HKjXp/5t8JZ11QbQfUS6/cRCKGwYhtNAY88kQ==}
    engines: {node: '>=12'}
    cpu: [arm64]
    os: [darwin]

  '@esbuild/darwin-x64@0.21.5':
    resolution: {integrity: sha512-se/JjF8NlmKVG4kNIuyWMV/22ZaerB+qaSi5MdrXtd6R08kvs2qCN4C09miupktDitvh8jRFflwGFBQcxZRjbw==}
    engines: {node: '>=12'}
    cpu: [x64]
    os: [darwin]

  '@esbuild/freebsd-arm64@0.21.5':
    resolution: {integrity: sha512-5JcRxxRDUJLX8JXp/wcBCy3pENnCgBR9bN6JsY4OmhfUtIHe3ZW0mawA7+RDAcMLrMIZaf03NlQiX9DGyB8h4g==}
    engines: {node: '>=12'}
    cpu: [arm64]
    os: [freebsd]

  '@esbuild/freebsd-x64@0.21.5':
    resolution: {integrity: sha512-J95kNBj1zkbMXtHVH29bBriQygMXqoVQOQYA+ISs0/2l3T9/kj42ow2mpqerRBxDJnmkUDCaQT/dfNXWX/ZZCQ==}
    engines: {node: '>=12'}
    cpu: [x64]
    os: [freebsd]

  '@esbuild/linux-arm64@0.21.5':
    resolution: {integrity: sha512-ibKvmyYzKsBeX8d8I7MH/TMfWDXBF3db4qM6sy+7re0YXya+K1cem3on9XgdT2EQGMu4hQyZhan7TeQ8XkGp4Q==}
    engines: {node: '>=12'}
    cpu: [arm64]
    os: [linux]

  '@esbuild/linux-arm@0.21.5':
    resolution: {integrity: sha512-bPb5AHZtbeNGjCKVZ9UGqGwo8EUu4cLq68E95A53KlxAPRmUyYv2D6F0uUI65XisGOL1hBP5mTronbgo+0bFcA==}
    engines: {node: '>=12'}
    cpu: [arm]
    os: [linux]

  '@esbuild/linux-ia32@0.21.5':
    resolution: {integrity: sha512-YvjXDqLRqPDl2dvRODYmmhz4rPeVKYvppfGYKSNGdyZkA01046pLWyRKKI3ax8fbJoK5QbxblURkwK/MWY18Tg==}
    engines: {node: '>=12'}
    cpu: [ia32]
    os: [linux]

  '@esbuild/linux-loong64@0.21.5':
    resolution: {integrity: sha512-uHf1BmMG8qEvzdrzAqg2SIG/02+4/DHB6a9Kbya0XDvwDEKCoC8ZRWI5JJvNdUjtciBGFQ5PuBlpEOXQj+JQSg==}
    engines: {node: '>=12'}
    cpu: [loong64]
    os: [linux]

  '@esbuild/linux-mips64el@0.21.5':
    resolution: {integrity: sha512-IajOmO+KJK23bj52dFSNCMsz1QP1DqM6cwLUv3W1QwyxkyIWecfafnI555fvSGqEKwjMXVLokcV5ygHW5b3Jbg==}
    engines: {node: '>=12'}
    cpu: [mips64el]
    os: [linux]

  '@esbuild/linux-ppc64@0.21.5':
    resolution: {integrity: sha512-1hHV/Z4OEfMwpLO8rp7CvlhBDnjsC3CttJXIhBi+5Aj5r+MBvy4egg7wCbe//hSsT+RvDAG7s81tAvpL2XAE4w==}
    engines: {node: '>=12'}
    cpu: [ppc64]
    os: [linux]

  '@esbuild/linux-riscv64@0.21.5':
    resolution: {integrity: sha512-2HdXDMd9GMgTGrPWnJzP2ALSokE/0O5HhTUvWIbD3YdjME8JwvSCnNGBnTThKGEB91OZhzrJ4qIIxk/SBmyDDA==}
    engines: {node: '>=12'}
    cpu: [riscv64]
    os: [linux]

  '@esbuild/linux-s390x@0.21.5':
    resolution: {integrity: sha512-zus5sxzqBJD3eXxwvjN1yQkRepANgxE9lgOW2qLnmr8ikMTphkjgXu1HR01K4FJg8h1kEEDAqDcZQtbrRnB41A==}
    engines: {node: '>=12'}
    cpu: [s390x]
    os: [linux]

  '@esbuild/linux-x64@0.21.5':
    resolution: {integrity: sha512-1rYdTpyv03iycF1+BhzrzQJCdOuAOtaqHTWJZCWvijKD2N5Xu0TtVC8/+1faWqcP9iBCWOmjmhoH94dH82BxPQ==}
    engines: {node: '>=12'}
    cpu: [x64]
    os: [linux]

  '@esbuild/netbsd-x64@0.21.5':
    resolution: {integrity: sha512-Woi2MXzXjMULccIwMnLciyZH4nCIMpWQAs049KEeMvOcNADVxo0UBIQPfSmxB3CWKedngg7sWZdLvLczpe0tLg==}
    engines: {node: '>=12'}
    cpu: [x64]
    os: [netbsd]

  '@esbuild/openbsd-x64@0.21.5':
    resolution: {integrity: sha512-HLNNw99xsvx12lFBUwoT8EVCsSvRNDVxNpjZ7bPn947b8gJPzeHWyNVhFsaerc0n3TsbOINvRP2byTZ5LKezow==}
    engines: {node: '>=12'}
    cpu: [x64]
    os: [openbsd]

  '@esbuild/sunos-x64@0.21.5':
    resolution: {integrity: sha512-6+gjmFpfy0BHU5Tpptkuh8+uw3mnrvgs+dSPQXQOv3ekbordwnzTVEb4qnIvQcYXq6gzkyTnoZ9dZG+D4garKg==}
    engines: {node: '>=12'}
    cpu: [x64]
    os: [sunos]

  '@esbuild/win32-arm64@0.21.5':
    resolution: {integrity: sha512-Z0gOTd75VvXqyq7nsl93zwahcTROgqvuAcYDUr+vOv8uHhNSKROyU961kgtCD1e95IqPKSQKH7tBTslnS3tA8A==}
    engines: {node: '>=12'}
    cpu: [arm64]
    os: [win32]

  '@esbuild/win32-ia32@0.21.5':
    resolution: {integrity: sha512-SWXFF1CL2RVNMaVs+BBClwtfZSvDgtL//G/smwAc5oVK/UPu2Gu9tIaRgFmYFFKrmg3SyAjSrElf0TiJ1v8fYA==}
    engines: {node: '>=12'}
    cpu: [ia32]
    os: [win32]

  '@esbuild/win32-x64@0.21.5':
    resolution: {integrity: sha512-tQd/1efJuzPC6rCFwEvLtci/xNFcTZknmXs98FYDfGE4wP9ClFV98nyKrzJKVPMhdDnjzLhdUyMX4PsQAPjwIw==}
    engines: {node: '>=12'}
    cpu: [x64]
    os: [win32]

  '@riotjs/dom-bindings@10.0.5':
    resolution: {integrity: sha512-REE0AWoSkHYhHN1JiW++vM1gJrewUK5SYZjhfZoaO/GIiX8IYJEDf+DECrMzC8u2cTv5g4P24SgnFUtUD5F8gg==}

  '@riotjs/hot-reload@10.0.0':
    resolution: {integrity: sha512-YIbznLj1UYB9k8imyxaKT5It8S2LGMG4oL+CGQTquK9uharpJOC96AGu6hhJhb882nnJye319p1ctaVrxGzitQ==}
    peerDependencies:
      riot: ^6.0.0 || ^7.0.0 || ^9.0.0 || ^10.0.0

  '@riotjs/lazy@10.0.0':
    resolution: {integrity: sha512-Ebcyfhl0P76oh8AyQ8t571THxocYJwKxV5dJXEkPb03HXYs9nyrdTPUjOvm7jFmEtP52rU5lxbci2dTqkdz+MQ==}
    peerDependencies:
      riot: ^6.0.0 || ^7.0.0 || ^9.0.0 || ^10.0.0

  '@riotjs/observable@4.1.1':
    resolution: {integrity: sha512-Lp9BUEoUxBlZ6DdZXne9BUfumAXAMznWIgZOcRXIPz2J7avquJKGEXl6D9ObdC0u5LUyrcI4N/AHcHgPclysdw==}

  '@riotjs/util@10.1.2':
    resolution: {integrity: sha512-K85suj+5YItWHB5N6LO1uMJNH6ZMBl8FxGH2xDb6dl8V3EBlLuQaPQGVzp3SOKKqeqcxJH3o5UHHIgjc2I8YrA==}

  '@rollup/pluginutils@5.4.0':
    resolution: {integrity: sha512-MfPp06CjRLfXQ3wY0R8vJDYBy/MvVcc9OulEfR0B8Iv9ko+GCNaRZ+EpJYFl27LhKsZK0o420sYCRHCjfCgeUg==}
    engines: {node: '>=14.0.0'}
    peerDependencies:
      rollup: ^1.20.0||^2.0.0||^3.0.0||^4.0.0
    peerDependenciesMeta:
      rollup:
        optional: true

  '@rollup/rollup-android-arm-eabi@4.62.3':
    resolution: {integrity: sha512-c0wdcekXtQvvn5Tsrk/+op/gUArrbWaFduBnTLP2l1cKLSQs4diMWjJw3m6A0DdzT8dAAX95KpkJ3qynCePbmw==}
    cpu: [arm]
    os: [android]

  '@rollup/rollup-android-arm64@4.62.3':
    resolution: {integrity: sha512-3YjElDdWN+qXAFbJ/CzPV+0wspLqh54k/I6GfdYtEJRqg7buSgc1yPM3B+93j1M4neobtkATHZTmxK2AMVGfnA==}
    cpu: [arm64]
    os: [android]

  '@rollup/rollup-darwin-arm64@4.62.3':
    resolution: {integrity: sha512-Pch2pFNOxxz1hTjypIdPyRTR6riiwRl84+VcN9djS680fw+Co1nAJINrdpqp7KV0NvyuU8ilZXZCjd7ykJl1GQ==}
    cpu: [arm64]
    os: [darwin]

  '@rollup/rollup-darwin-x64@4.62.3':
    resolution: {integrity: sha512-LEuncFUHFiF8t4yZVZvvZA1wk0pjAscRnsrn1EfTEmN4HXotBi2YtcnLRyaK6UbuczW7xZS5ES+81Rdz8Z0T6g==}
    cpu: [x64]
    os: [darwin]

  '@rollup/rollup-freebsd-arm64@4.62.3':
    resolution: {integrity: sha512-zvBUvsQUpOWALdDsk6qbS8bXf2VxmPisuudNDrY7x0p0jBdsoZl8HsHczIOgkQiZldmcacMKtBzpoGVNeIe2bQ==}
    cpu: [arm64]
    os: [freebsd]

  '@rollup/rollup-freebsd-x64@4.62.3':
    resolution: {integrity: sha512-C2KmNrcSem/AMg984H/dev+si0lieQGdXdR/lYGJnuumXnFb9Y7QdiI62obFdLlxRYLBv4P0eUVIDbD4c1vVvw==}
    cpu: [x64]
    os: [freebsd]

  '@rollup/rollup-linux-arm-gnueabihf@4.62.3':
    resolution: {integrity: sha512-ggXnsTAEzNQx74XpunRsiZ9aBZDsI7XIa0hm2nzR9f4WzH5/f/d73ZSDaC5ejJ8YLY4NW+V3wr0tjOaeCq8hqA==}
    cpu: [arm]
    os: [linux]
    libc: [glibc]

  '@rollup/rollup-linux-arm-musleabihf@4.62.3':
    resolution: {integrity: sha512-2vng+FlzNUhKZxtej3IUqJgbZoQk2M/dwQM20+ULV0R/E/8tr9/P6uEf2iiGIk4HL0zMKh5Jry7mUHdUOvyGgA==}
    cpu: [arm]
    os: [linux]
    libc: [musl]

  '@rollup/rollup-linux-arm64-gnu@4.62.3':
    resolution: {integrity: sha512-LLLFZKt4/Nraf9rxDkhiU8QVgLF4WmCkfr0L4fj0fPfIZFBib0DeiFk1hhaYKd03LFAFJcxHslhDFlNJLylf5Q==}
    cpu: [arm64]
    os: [linux]
    libc: [glibc]

  '@rollup/rollup-linux-arm64-musl@4.62.3':
    resolution: {integrity: sha512-WJkdQCvS9sWNOUBJZfQRKpZGFBztRzcowI+nndmflKgU4XY+3a420FgTOSKTsVqJbnzSxeT4vaJalpOaPo2YCQ==}
    cpu: [arm64]
    os: [linux]
    libc: [musl]

  '@rollup/rollup-linux-loong64-gnu@4.62.3':
    resolution: {integrity: sha512-PwHXCCS2n64/1Ot6rP1YEYA02MGYBcQlr8CSZZyrUG2O7NH6NklYmvr9v3Jy+5e/eDeNchc/ukmKJi9LuflMIQ==}
    cpu: [loong64]
    os: [linux]
    libc: [glibc]

  '@rollup/rollup-linux-loong64-musl@4.62.3':
    resolution: {integrity: sha512-vUjxINQu3RC8NZS3ykk1gN65gIz8pAopOq2HXuZhiIxHdx7TFvDG+jgrdSgInu1Eza4/Rfi2VzZgyIgEH4WOaw==}
    cpu: [loong64]
    os: [linux]
    libc: [musl]

  '@rollup/rollup-linux-ppc64-gnu@4.62.3':
    resolution: {integrity: sha512-wzko4aJ13+0G3kGnviCg5gnXFKd40izKsrf2uOw12US4XqprkDrmwOpeW14aSNa37V8bfPcz5Fkob6LZ3BAPmA==}
    cpu: [ppc64]
    os: [linux]
    libc: [glibc]

  '@rollup/rollup-linux-ppc64-musl@4.62.3':
    resolution: {integrity: sha512-8120ue0JUMSwy11stlwnfdX3pPd+WZYGCDBwEHWtIHi6pOpZmsEF5QKB7a/UN+XFdqvobxz98kv8RTqikyCEBw==}
    cpu: [ppc64]
    os: [linux]
    libc: [musl]

  '@rollup/rollup-linux-riscv64-gnu@4.62.3':
    resolution: {integrity: sha512-XLFHnR3tXMjbOCh2vtVJHmxt+995uJsTERQyseFDRA0xxMxyTZPLa3OIUlyFaO4mF/Lu0FjmWHCuPXJT1n/IOg==}
    cpu: [riscv64]
    os: [linux]
    libc: [glibc]

  '@rollup/rollup-linux-riscv64-musl@4.62.3':
    resolution: {integrity: sha512-se6yXvNGMIl0f+RQzyh7XAmia8/9kplQx424wnG2w0C1oi6XgO6Y8otKhdXFHbHs88Ihavzmvh1NWjuovE76BQ==}
    cpu: [riscv64]
    os: [linux]
    libc: [musl]

  '@rollup/rollup-linux-s390x-gnu@4.62.3':
    resolution: {integrity: sha512-gNoxRefktVIiGflpONuxWWXZAzIQG++z9qHO3xKwk4WdDMuQja3JHGfE1u0i3PfPDyvhypdk+WrgIJqLhGG7sg==}
    cpu: [s390x]
    os: [linux]
    libc: [glibc]

  '@rollup/rollup-linux-x64-gnu@4.62.3':
    resolution: {integrity: sha512-V4KtWtQfAFMU7+9/A/VDps/VI8CHd3cYz0L8sgJzz8qK7eY7wI4ruFD82UYIYvW9Z4DtlTfhQcsl4XyPHW5uSg==}
    cpu: [x64]
    os: [linux]
    libc: [glibc]

  '@rollup/rollup-linux-x64-musl@4.62.3':
    resolution: {integrity: sha512-LBx9LYXvj2CBkMkjLdNAWLwH0MLMin7do2VcVo9kVPibGLkY0BQQut2fv7NVqkXqZ/CrAu9LqDHVV1xHCMpCPw==}
    cpu: [x64]
    os: [linux]
    libc: [musl]

  '@rollup/rollup-openbsd-x64@4.62.3':
    resolution: {integrity: sha512-ABVf3Q0RCu7NcyCCOZQI0pJ3GuSdfSl8EXcy88QtdceIMIoCUdfhsJChZ64L9zVM2aJHjde1Bhn5uqSRcX9ySA==}
    cpu: [x64]
    os: [openbsd]

  '@rollup/rollup-openharmony-arm64@4.62.3':
    resolution: {integrity: sha512-+2Cy/ldweGBLlPIKsQLF8U5N44a0KDdbrk1rAjHOM9M2K+kGdIVjHLmmrZIcx+9Ny3ke/1JomCsDI1ocb11+sg==}
    cpu: [arm64]
    os: [openharmony]

  '@rollup/rollup-win32-arm64-msvc@4.62.3':
    resolution: {integrity: sha512-dtZvzc8BedpSaFNy75x6uiWwAGTH+aZHDtdrqP6qk+WcLJrfti6sGje1ZJ9UxyzDLF23d/mV+PaMwuC0hL7UVA==}
    cpu: [arm64]
    os: [win32]

  '@rollup/rollup-win32-ia32-msvc@4.62.3':
    resolution: {integrity: sha512-Rj8Ra4noo+aYy7sKBggCx0407mws34kAb1ySyWuq5DAtFBQdkSwnsjCgPrhPe9cvgBKZIukpE+CVHvORCS93kQ==}
    cpu: [ia32]
    os: [win32]

  '@rollup/rollup-win32-x64-gnu@4.62.3':
    resolution: {integrity: sha512-vp7N084ew/odXn2gi/mzm9mUkQu9l6AiN6dt4IeUM2Uvm9o+cVmP+YkqbMOteLbiGgqBBlJZjIMYVCfOOIVbVQ==}
    cpu: [x64]
    os: [win32]

  '@rollup/rollup-win32-x64-msvc@4.62.3':
    resolution: {integrity: sha512-MOG/3gTOn4Fwf574RVOaY61I5o6P90legkFADiTyn1hyjNydT+cerU2rLUwPdZkKKyJ+iT+K9p7WXK4LM1Ka6g==}
    cpu: [x64]
    os: [win32]

  '@types/estree@1.0.9':
    resolution: {integrity: sha512-GhdPgy1el4/ImP05X05Uw4cw2/M93BCUmnEvWZNStlCzEKME4Fkk+YpoA5OiHNQmoS7Cafb8Xa3Pya8m1Qrzeg==}

  animejs@4.5.0:
    resolution: {integrity: sha512-NQimYX+lz8WaXonGS9zVVoviCIAjONeJayxacUditaivYLqyXgGjFKjuyl0aUUhFKm5MriX9ty1TGovNzoJQWA==}
    peerDependencies:
      '@types/three': '>=0.150.0'
      three: '>=0.150.0'
    peerDependenciesMeta:
      '@types/three':
        optional: true
      three:
        optional: true

  animore@2.0.3:
    resolution: {integrity: sha512-7lpQ8O90avYeKyQBXlfdJXU7yeBjbIcQ53Gf8hsS12in7w1UIhviSufjkEv8gcKVwAWXE/6dk3dtDBv1DtSG6g==}

  bianco.attr@0.0.3:
    resolution: {integrity: sha512-tKDe2RqAnMrADHNRSCSsR6TuxCCtYu7YbfHmMNJgmI562KAitrXheNbfcYgCA8u6XpPkPRb+R0ILVNT9I5uhYw==}

  bianco.dom-to-array@0.0.8:
    resolution: {integrity: sha512-ZSDUExM8cJqAnJgatW8UBQDiAlQF+eqDFJTwr6H89KP6KZWVvNGOUhg0rqAktfd9C7YtcE4vVAK/mIuQd4WW7Q==}

  bianco.dom-to-array@1.1.0:
    resolution: {integrity: sha512-IWUgplQRhJSZh+7PgD/my5+X27PXNUFdcHPosOYz39a/iFF8Wl9d0N/mOArdR7Zgr3J0Q9pKVk7nO6W+7XZwBg==}

  bianco.events@0.0.6:
    resolution: {integrity: sha512-8ZVzHJsWlp9Y+IlIzE6PchmBoqhlzEkP6JZxmGsOQzfRFOvNg7gQpl6c5EgMBPMBJ1+8zqvyGeFE8gBuQv0egg==}

  bianco.query@0.0.7:
    resolution: {integrity: sha512-1XZxI/cnCqS7/7yckBxpye8aZBlu+9wNDLbMpPQJ800WrqiFqxt53aiZUFSIEZXnGeLWPAnjYwAKBIka5ExDVw==}

  bianco.query@1.1.4:
    resolution: {integrity: sha512-jUu8l484ckacCBmxN0gYLZ4Ge5aMfReL+aYNiC81s37s8+l0+rn9pnQayEgQtMHGlnL8ejd+x5U2PKpo0rvQzw==}

  esbuild@0.21.5:
    resolution: {integrity: sha512-mg3OPMV4hXywwpoDxu3Qda5xCKQi+vCTZq8S9J/EpkhB2HzKXq4SNFZE3+NK93JYxc8VMSep+lOUSC/RVKaBqw==}
    engines: {node: '>=12'}
    hasBin: true

  estree-walker@2.0.2:
    resolution: {integrity: sha512-Rfkk/Mp/DL7JVje3u18FxFujQlTNR2q6QfMSMB7AvCBx91NGj/ba3kCfza0f6dVDbw7YlRf/nDrn7pQrCCyQ/w==}

  fsevents@2.3.3:
    resolution: {integrity: sha512-5xoDfX+fL7faATnagmWPpbFtwh/R77WmMMqqHGS65C3vvB0YHrgF+B1YmZ3441tMj5n63k0212XNoJwzlhffQw==}
    engines: {node: ^8.16.0 || ^10.6.0 || >=11.0.0}
    os: [darwin]

  nanoid@3.3.16:
    resolution: {integrity: sha512-bzlKTyNJ7+LdGIIwy8ijFpIqEQIvafahV7eYykJ8Cvh42EdJeODoJ6gUJXpQJvej1BddH8OqTXZNE/KfbWAu8Q==}
    engines: {node: ^10 || ^12 || ^13.7 || ^14 || >=15.0.1}
    hasBin: true

  picocolors@1.1.1:
    resolution: {integrity: sha512-xceH2snhtb5M9liqDsmEw56le376mTZkEX/jEb/RxNFyegNul7eNslCXP9FDj/Lcu0X8KEyMceP2ntpaHrDEVA==}

  picomatch@4.0.5:
    resolution: {integrity: sha512-RvwwcruNjI1ncT5xRakeyS9Lf8lcItv34KD+aif+VH9kduAyfYBipGh12274xtenIPZ119/R9BdTBa8gAwSh0A==}
    engines: {node: '>=12'}

  postcss@8.5.25:
    resolution: {integrity: sha512-DTPx3RWSSnWyzLxQnlH0rJP+EW5ekl16ZU4/psbIhA0e53kJfdgaN5vKM+xP7yJtXVu+nfdVFmlgFDEKAe4Pyw==}
    engines: {node: ^10 || ^12 || >=14}

  riot@10.1.5:
    resolution: {integrity: sha512-8kDK4bzs6Rq+t8OErjGccQr9UBEx61sq+oiEyoRPqMueE2ySQrUYZtCKwqEjOOdX3u3PrLP4Wgr9N6A9f+zTSg==}
    engines: {node: '>=18.0.0'}

  rollup-plugin-riot@10.0.0:
    resolution: {integrity: sha512-fqBFPcu546gb6JNuk8QbdErcgeqgTOTWb7u+ujG1cRE/jp7FNMtnKqysIgazbkR+lkgPYCvczLc9OwGoahDv/A==}

  rollup@4.62.3:
    resolution: {integrity: sha512-Gu0c0iH9FzgX1L1t7ByIbbS3Vmdz+6KHm/EsqmmC71gUQ82yvZRkTK6XzrFObSka91WUVdynqp6nsfilzr5k6Q==}
    engines: {node: '>=18.0.0', npm: '>=8.0.0'}
    hasBin: true

  sanitize.css@13.0.0:
    resolution: {integrity: sha512-ZRwKbh/eQ6w9vmTjkuG0Ioi3HBwPFce0O+v//ve+aOq1oeCy7jMV2qzzAlpsNuqpqCBjjriM1lbtZbF/Q8jVyA==}

  source-map-js@1.2.1:
    resolution: {integrity: sha512-UXWMKhLOwVKb728IUtQPXxfYU+usdybtUrK/8uGE8CQMvrhOpwvzDBwj0QhSL7MQc7vIsISBG8VQ8+IDQxpfQA==}
    engines: {node: '>=0.10.0'}

  vite@5.4.21:
    resolution: {integrity: sha512-o5a9xKjbtuhY6Bi5S3+HvbRERmouabWbyUcpXXUA1u+GNUKoROi9byOJ8M0nHbHYHkYICiMlqxkg1KkYmm25Sw==}
    engines: {node: ^18.0.0 || >=20.0.0}
    hasBin: true
    peerDependencies:
      '@types/node': ^18.0.0 || >=20.0.0
      less: '*'
      lightningcss: ^1.21.0
      sass: '*'
      sass-embedded: '*'
      stylus: '*'
      sugarss: '*'
      terser: ^5.4.0
    peerDependenciesMeta:
      '@types/node':
        optional: true
      less:
        optional: true
      lightningcss:
        optional: true
      sass:
        optional: true
      sass-embedded:
        optional: true
      stylus:
        optional: true
      sugarss:
        optional: true
      terser:
        optional: true

snapshots:

  '@esbuild/aix-ppc64@0.21.5':
    optional: true

  '@esbuild/android-arm64@0.21.5':
    optional: true

  '@esbuild/android-arm@0.21.5':
    optional: true

  '@esbuild/android-x64@0.21.5':
    optional: true

  '@esbuild/darwin-arm64@0.21.5':
    optional: true

  '@esbuild/darwin-x64@0.21.5':
    optional: true

  '@esbuild/freebsd-arm64@0.21.5':
    optional: true

  '@esbuild/freebsd-x64@0.21.5':
    optional: true

  '@esbuild/linux-arm64@0.21.5':
    optional: true

  '@esbuild/linux-arm@0.21.5':
    optional: true

  '@esbuild/linux-ia32@0.21.5':
    optional: true

  '@esbuild/linux-loong64@0.21.5':
    optional: true

  '@esbuild/linux-mips64el@0.21.5':
    optional: true

  '@esbuild/linux-ppc64@0.21.5':
    optional: true

  '@esbuild/linux-riscv64@0.21.5':
    optional: true

  '@esbuild/linux-s390x@0.21.5':
    optional: true

  '@esbuild/linux-x64@0.21.5':
    optional: true

  '@esbuild/netbsd-x64@0.21.5':
    optional: true

  '@esbuild/openbsd-x64@0.21.5':
    optional: true

  '@esbuild/sunos-x64@0.21.5':
    optional: true

  '@esbuild/win32-arm64@0.21.5':
    optional: true

  '@esbuild/win32-ia32@0.21.5':
    optional: true

  '@esbuild/win32-x64@0.21.5':
    optional: true

  '@riotjs/dom-bindings@10.0.5':
    dependencies:
      '@riotjs/util': 10.1.2

  '@riotjs/hot-reload@10.0.0(riot@10.1.5)':
    dependencies:
      bianco.query: 1.1.4
      riot: 10.1.5

  '@riotjs/lazy@10.0.0(riot@10.1.5)':
    dependencies:
      '@riotjs/util': 10.1.2
      riot: 10.1.5

  '@riotjs/observable@4.1.1': {}

  '@riotjs/util@10.1.2': {}

  '@rollup/pluginutils@5.4.0(rollup@4.62.3)':
    dependencies:
      '@types/estree': 1.0.9
      estree-walker: 2.0.2
      picomatch: 4.0.5
    optionalDependencies:
      rollup: 4.62.3

  '@rollup/rollup-android-arm-eabi@4.62.3':
    optional: true

  '@rollup/rollup-android-arm64@4.62.3':
    optional: true

  '@rollup/rollup-darwin-arm64@4.62.3':
    optional: true

  '@rollup/rollup-darwin-x64@4.62.3':
    optional: true

  '@rollup/rollup-freebsd-arm64@4.62.3':
    optional: true

  '@rollup/rollup-freebsd-x64@4.62.3':
    optional: true

  '@rollup/rollup-linux-arm-gnueabihf@4.62.3':
    optional: true

  '@rollup/rollup-linux-arm-musleabihf@4.62.3':
    optional: true

  '@rollup/rollup-linux-arm64-gnu@4.62.3':
    optional: true

  '@rollup/rollup-linux-arm64-musl@4.62.3':
    optional: true

  '@rollup/rollup-linux-loong64-gnu@4.62.3':
    optional: true

  '@rollup/rollup-linux-loong64-musl@4.62.3':
    optional: true

  '@rollup/rollup-linux-ppc64-gnu@4.62.3':
    optional: true

  '@rollup/rollup-linux-ppc64-musl@4.62.3':
    optional: true

  '@rollup/rollup-linux-riscv64-gnu@4.62.3':
    optional: true

  '@rollup/rollup-linux-riscv64-musl@4.62.3':
    optional: true

  '@rollup/rollup-linux-s390x-gnu@4.62.3':
    optional: true

  '@rollup/rollup-linux-x64-gnu@4.62.3':
    optional: true

  '@rollup/rollup-linux-x64-musl@4.62.3':
    optional: true

  '@rollup/rollup-openbsd-x64@4.62.3':
    optional: true

  '@rollup/rollup-openharmony-arm64@4.62.3':
    optional: true

  '@rollup/rollup-win32-arm64-msvc@4.62.3':
    optional: true

  '@rollup/rollup-win32-ia32-msvc@4.62.3':
    optional: true

  '@rollup/rollup-win32-x64-gnu@4.62.3':
    optional: true

  '@rollup/rollup-win32-x64-msvc@4.62.3':
    optional: true

  '@types/estree@1.0.9': {}

  animejs@4.5.0: {}

  animore@2.0.3:
    dependencies:
      bianco.attr: 0.0.3
      bianco.events: 0.0.6
      bianco.query: 0.0.7

  bianco.attr@0.0.3:
    dependencies:
      bianco.dom-to-array: 0.0.8

  bianco.dom-to-array@0.0.8: {}

  bianco.dom-to-array@1.1.0: {}

  bianco.events@0.0.6:
    dependencies:
      bianco.dom-to-array: 0.0.8

  bianco.query@0.0.7:
    dependencies:
      bianco.dom-to-array: 0.0.8

  bianco.query@1.1.4:
    dependencies:
      bianco.dom-to-array: 1.1.0

  esbuild@0.21.5:
    optionalDependencies:
      '@esbuild/aix-ppc64': 0.21.5
      '@esbuild/android-arm': 0.21.5
      '@esbuild/android-arm64': 0.21.5
      '@esbuild/android-x64': 0.21.5
      '@esbuild/darwin-arm64': 0.21.5
      '@esbuild/darwin-x64': 0.21.5
      '@esbuild/freebsd-arm64': 0.21.5
      '@esbuild/freebsd-x64': 0.21.5
      '@esbuild/linux-arm': 0.21.5
      '@esbuild/linux-arm64': 0.21.5
      '@esbuild/linux-ia32': 0.21.5
      '@esbuild/linux-loong64': 0.21.5
      '@esbuild/linux-mips64el': 0.21.5
      '@esbuild/linux-ppc64': 0.21.5
      '@esbuild/linux-riscv64': 0.21.5
      '@esbuild/linux-s390x': 0.21.5
      '@esbuild/linux-x64': 0.21.5
      '@esbuild/netbsd-x64': 0.21.5
      '@esbuild/openbsd-x64': 0.21.5
      '@esbuild/sunos-x64': 0.21.5
      '@esbuild/win32-arm64': 0.21.5
      '@esbuild/win32-ia32': 0.21.5
      '@esbuild/win32-x64': 0.21.5

  estree-walker@2.0.2: {}

  fsevents@2.3.3:
    optional: true

  nanoid@3.3.16: {}

  picocolors@1.1.1: {}

  picomatch@4.0.5: {}

  postcss@8.5.25:
    dependencies:
      nanoid: 3.3.16
      picocolors: 1.1.1
      source-map-js: 1.2.1

  riot@10.1.5:
    dependencies:
      '@riotjs/dom-bindings': 10.0.5

  rollup-plugin-riot@10.0.0(rollup@4.62.3):
    dependencies:
      '@rollup/pluginutils': 5.4.0(rollup@4.62.3)
    transitivePeerDependencies:
      - rollup

  rollup@4.62.3:
    dependencies:
      '@types/estree': 1.0.9
    optionalDependencies:
      '@rollup/rollup-android-arm-eabi': 4.62.3
      '@rollup/rollup-android-arm64': 4.62.3
      '@rollup/rollup-darwin-arm64': 4.62.3
      '@rollup/rollup-darwin-x64': 4.62.3
      '@rollup/rollup-freebsd-arm64': 4.62.3
      '@rollup/rollup-freebsd-x64': 4.62.3
      '@rollup/rollup-linux-arm-gnueabihf': 4.62.3
      '@rollup/rollup-linux-arm-musleabihf': 4.62.3
      '@rollup/rollup-linux-arm64-gnu': 4.62.3
      '@rollup/rollup-linux-arm64-musl': 4.62.3
      '@rollup/rollup-linux-loong64-gnu': 4.62.3
      '@rollup/rollup-linux-loong64-musl': 4.62.3
      '@rollup/rollup-linux-ppc64-gnu': 4.62.3
      '@rollup/rollup-linux-ppc64-musl': 4.62.3
      '@rollup/rollup-linux-riscv64-gnu': 4.62.3
      '@rollup/rollup-linux-riscv64-musl': 4.62.3
      '@rollup/rollup-linux-s390x-gnu': 4.62.3
      '@rollup/rollup-linux-x64-gnu': 4.62.3
      '@rollup/rollup-linux-x64-musl': 4.62.3
      '@rollup/rollup-openbsd-x64': 4.62.3
      '@rollup/rollup-openharmony-arm64': 4.62.3
      '@rollup/rollup-win32-arm64-msvc': 4.62.3
      '@rollup/rollup-win32-ia32-msvc': 4.62.3
      '@rollup/rollup-win32-x64-gnu': 4.62.3
      '@rollup/rollup-win32-x64-msvc': 4.62.3
      fsevents: 2.3.3

  sanitize.css@13.0.0: {}

  source-map-js@1.2.1: {}

  vite@5.4.21:
    dependencies:
      esbuild: 0.21.5
      postcss: 8.5.25
      rollup: 4.62.3
    optionalDependencies:
      fsevents: 2.3.3
